// !$*UTF8*$!
{
	archiveVersion = 1;
	classes = {};
	objectVersion = 56;
	objects = {

		A10000000000000000000001 /* Skyfig in Frameworks */ = {isa = PBXBuildFile; productRef = A10000000000000000000002 /* Skyfig */; };
		A10000000000000000000003 /* SkyfigConsumerApp.swift in Sources */ = {isa = PBXBuildFile; fileRef = A10000000000000000000004 /* SkyfigConsumerApp.swift */; };
		A10000000000000000000004 /* SkyfigConsumerApp.swift */ = {isa = PBXFileReference; lastKnownFileType = sourcecode.swift; path = SkyfigConsumerApp.swift; sourceTree = "<group>"; };
		A10000000000000000000005 /* SkyfigConsumer.app */ = {isa = PBXFileReference; explicitFileType = wrapper.application; includeInIndex = 0; path = SkyfigConsumer.app; sourceTree = BUILT_PRODUCTS_DIR; };
		A10000000000000000000006 /* Frameworks */ = {isa = PBXFrameworksBuildPhase; buildActionMask = 2147483647; files = (A10000000000000000000001 /* Skyfig in Frameworks */,); runOnlyForDeploymentPostprocessing = 0; };
		A10000000000000000000007 /* Sources */ = {isa = PBXSourcesBuildPhase; buildActionMask = 2147483647; files = (A10000000000000000000003 /* SkyfigConsumerApp.swift in Sources */,); runOnlyForDeploymentPostprocessing = 0; };
		A10000000000000000000008 /* Resources */ = {isa = PBXResourcesBuildPhase; buildActionMask = 2147483647; files = (); runOnlyForDeploymentPostprocessing = 0; };
		A10000000000000000000009 = {isa = PBXGroup; children = (A10000000000000000000010 /* Sources */, A10000000000000000000011 /* Products */,); sourceTree = "<group>"; };
		A10000000000000000000010 /* Sources */ = {isa = PBXGroup; children = (A10000000000000000000004 /* SkyfigConsumerApp.swift */,); path = Sources/SkyfigConsumer; sourceTree = "<group>"; };
		A10000000000000000000011 /* Products */ = {isa = PBXGroup; children = (A10000000000000000000005 /* SkyfigConsumer.app */,); name = Products; sourceTree = "<group>"; };
		A10000000000000000000012 /* SkyfigConsumer */ = {isa = PBXNativeTarget; buildConfigurationList = A10000000000000000000013 /* Build configuration list for PBXNativeTarget \"SkyfigConsumer\" */; buildPhases = (A10000000000000000000007 /* Sources */, A10000000000000000000006 /* Frameworks */, A10000000000000000000008 /* Resources */,); buildRules = (); dependencies = (); name = SkyfigConsumer; packageProductDependencies = (A10000000000000000000002 /* Skyfig */,); productName = SkyfigConsumer; productReference = A10000000000000000000005 /* SkyfigConsumer.app */; productType = "com.apple.product-type.application"; };
		A10000000000000000000014 /* Project object */ = {isa = PBXProject; attributes = { LastSwiftUpdateCheck = 2620; LastUpgradeCheck = 2620; TargetAttributes = { A10000000000000000000012 = { CreatedOnToolsVersion = 26.2; }; }; }; buildConfigurationList = A10000000000000000000015 /* Build configuration list for PBXProject \"SkyfigConsumer\" */; compatibilityVersion = "Xcode 14.0"; developmentRegion = en; hasScannedForEncodings = 0; knownRegions = (en, Base,); mainGroup = A10000000000000000000009; packageReferences = (A10000000000000000000016 /* XCLocalSwiftPackageReference \"../..\" */,); productRefGroup = A10000000000000000000011 /* Products */; projectDirPath = ""; projectRoot = ""; targets = (A10000000000000000000012 /* SkyfigConsumer */,); };
		A10000000000000000000002 /* Skyfig */ = {isa = XCSwiftPackageProductDependency; package = A10000000000000000000016 /* XCLocalSwiftPackageReference \"../..\" */; productName = Skyfig; };
		A10000000000000000000016 /* XCLocalSwiftPackageReference \"../..\" */ = {isa = XCLocalSwiftPackageReference; relativePath = ../..; };
		A10000000000000000000013 /* Build configuration list for PBXNativeTarget \"SkyfigConsumer\" */ = {isa = XCConfigurationList; buildConfigurations = (A10000000000000000000017 /* Debug */, A10000000000000000000018 /* Release */,); defaultConfigurationIsVisible = 0; defaultConfigurationName = Release; };
		A10000000000000000000015 /* Build configuration list for PBXProject \"SkyfigConsumer\" */ = {isa = XCConfigurationList; buildConfigurations = (A10000000000000000000019 /* Debug */, A10000000000000000000020 /* Release */,); defaultConfigurationIsVisible = 0; defaultConfigurationName = Release; };
		A10000000000000000000017 /* Debug */ = {isa = XCBuildConfiguration; buildSettings = { ASSETCATALOG_COMPILER_GENERATE_SWIFT_ASSET_SYMBOL_EXTENSIONS = YES; CODE_SIGN_STYLE = Automatic; CURRENT_PROJECT_VERSION = 1; GENERATE_INFOPLIST_FILE = YES; INFOPLIST_KEY_UILaunchScreen_Generation = YES; INFOPLIST_KEY_UIApplicationSceneManifest_Generation = YES; INFOPLIST_KEY_UIApplicationSupportsIndirectInputEvents = YES; IPHONEOS_DEPLOYMENT_TARGET = 26.0; MARKETING_VERSION = 1.0; PRODUCT_BUNDLE_IDENTIFIER = com.skyfig.consumer; PRODUCT_NAME = "$(TARGET_NAME)"; SDKROOT = iphoneos; SUPPORTED_PLATFORMS = "iphoneos iphonesimulator"; SWIFT_VERSION = 6.0; TARGETED_DEVICE_FAMILY = "1,2"; }; name = Debug; };
		A10000000000000000000018 /* Release */ = {isa = XCBuildConfiguration; buildSettings = { ASSETCATALOG_COMPILER_GENERATE_SWIFT_ASSET_SYMBOL_EXTENSIONS = YES; CODE_SIGN_STYLE = Automatic; CURRENT_PROJECT_VERSION = 1; GENERATE_INFOPLIST_FILE = YES; INFOPLIST_KEY_UILaunchScreen_Generation = YES; INFOPLIST_KEY_UIApplicationSceneManifest_Generation = YES; INFOPLIST_KEY_UIApplicationSupportsIndirectInputEvents = YES; IPHONEOS_DEPLOYMENT_TARGET = 26.0; MARKETING_VERSION = 1.0; PRODUCT_BUNDLE_IDENTIFIER = com.skyfig.consumer; PRODUCT_NAME = "$(TARGET_NAME)"; SDKROOT = iphoneos; SUPPORTED_PLATFORMS = "iphoneos iphonesimulator"; SWIFT_VERSION = 6.0; TARGETED_DEVICE_FAMILY = "1,2"; }; name = Release; };
		A10000000000000000000019 /* Debug */ = {isa = XCBuildConfiguration; buildSettings = { CLANG_CXX_LANGUAGE_STANDARD = "gnu++20"; CLANG_ENABLE_MODULES = YES; IPHONEOS_DEPLOYMENT_TARGET = 26.0; }; name = Debug; };
		A10000000000000000000020 /* Release */ = {isa = XCBuildConfiguration; buildSettings = { CLANG_CXX_LANGUAGE_STANDARD = "gnu++20"; CLANG_ENABLE_MODULES = YES; IPHONEOS_DEPLOYMENT_TARGET = 26.0; }; name = Release; };
	};
	rootObject = A10000000000000000000014 /* Project object */;
}
